// !$*UTF8*$!
{
	archiveVersion = 1;
	classes = {
	};
	objectVersion = 50;
	objects = {

/* Begin PBXBuildFile section */
		ED2222F8220B162500AD5F30 /* MenuViewController.swift in Sources */ = {isa = PBXBuildFile; fileRef = ED2222F6220B162500AD5F30 /* MenuViewController.swift */; };
		ED2222F9220B162500AD5F30 /* MenuViewController.xib in Resources */ = {isa = PBXBuildFile; fileRef = ED2222F7220B162500AD5F30 /* MenuViewController.xib */; };
		ED2222FD220B32D700AD5F30 /* KeyChainMenager.swift in Sources */ = {isa = PBXBuildFile; fileRef = ED2222FC220B32D700AD5F30 /* KeyChainMenager.swift */; };
		ED222300220B34BC00AD5F30 /* PassViewController.swift in Sources */ = {isa = PBXBuildFile; fileRef = ED2222FE220B34BC00AD5F30 /* PassViewController.swift */; };
		ED222301220B34BC00AD5F30 /* PassViewController.xib in Resources */ = {isa = PBXBuildFile; fileRef = ED2222FF220B34BC00AD5F30 /* PassViewController.xib */; };
		ED69759C2209D44B00D10613 /* text.txt in Resources */ = {isa = PBXBuildFile; fileRef = ED69759B2209D44A00D10613 /* text.txt */; };
		ED6975A0220ACF8D00D10613 /* AsciiViewController.swift in Sources */ = {isa = PBXBuildFile; fileRef = ED69759E220ACF8D00D10613 /* AsciiViewController.swift */; };
		ED6975A1220ACF8D00D10613 /* AsciiViewController.xib in Resources */ = {isa = PBXBuildFile; fileRef = ED69759F220ACF8D00D10613 /* AsciiViewController.xib */; };
		EDD8C94D220841D600262A72 /* AppDelegate.swift in Sources */ = {isa = PBXBuildFile; fileRef = EDD8C94C220841D600262A72 /* AppDelegate.swift */; };
		EDD8C954220841DA00262A72 /* Assets.xcassets in Resources */ = {isa = PBXBuildFile; fileRef = EDD8C953220841DA00262A72 /* Assets.xcassets */; };
		EDD8C957220841DA00262A72 /* LaunchScreen.storyboard in Resources */ = {isa = PBXBuildFile; fileRef = EDD8C955220841DA00262A72 /* LaunchScreen.storyboard */; };
		EDD8C960220870E500262A72 /* Extensions.swift in Sources */ = {isa = PBXBuildFile; fileRef = EDD8C95F220870E500262A72 /* Extensions.swift */; };
		EDD8C9622208EB4B00262A72 /* ViewController.swift in Sources */ = {isa = PBXBuildFile; fileRef = EDD8C9612208EB4B00262A72 /* ViewController.swift */; };
		EDD8C9642208EEF500262A72 /* ViewController.xib in Resources */ = {isa = PBXBuildFile; fileRef = EDD8C9632208EEF500262A72 /* ViewController.xib */; };
/* End PBXBuildFile section */

/* Begin PBXFileReference section */
		ED2222F6220B162500AD5F30 /* MenuViewController.swift */ = {isa = PBXFileReference; lastKnownFileType = sourcecode.swift; path = MenuViewController.swift; sourceTree = "<group>"; };
		ED2222F7220B162500AD5F30 /* MenuViewController.xib */ = {isa = PBXFileReference; lastKnownFileType = file.xib; path = MenuViewController.xib; sourceTree = "<group>"; };
		ED2222FB220B2BE200AD5F30 /* secureCryptographicAlgorithms.entitlements */ = {isa = PBXFileReference; lastKnownFileType = text.plist.entitlements; path = secureCryptographicAlgorithms.entitlements; sourceTree = "<group>"; };
		ED2222FC220B32D700AD5F30 /* KeyChainMenager.swift */ = {isa = PBXFileReference; lastKnownFileType = sourcecode.swift; path = KeyChainMenager.swift; sourceTree = "<group>"; };
		ED2222FE220B34BC00AD5F30 /* PassViewController.swift */ = {isa = PBXFileReference; lastKnownFileType = sourcecode.swift; path = PassViewController.swift; sourceTree = "<group>"; };
		ED2222FF220B34BC00AD5F30 /* PassViewController.xib */ = {isa = PBXFileReference; lastKnownFileType = file.xib; path = PassViewController.xib; sourceTree = "<group>"; };
		ED69759B2209D44A00D10613 /* text.txt */ = {isa = PBXFileReference; fileEncoding = 4; lastKnownFileType = text; path = text.txt; sourceTree = "<group>"; };
		ED69759E220ACF8D00D10613 /* AsciiViewController.swift */ = {isa = PBXFileReference; lastKnownFileType = sourcecode.swift; path = AsciiViewController.swift; sourceTree = "<group>"; };
		ED69759F220ACF8D00D10613 /* AsciiViewController.xib */ = {isa = PBXFileReference; lastKnownFileType = file.xib; path = AsciiViewController.xib; sourceTree = "<group>"; };
		EDD8C949220841D600262A72 /* secureCryptographicAlgorithms.app */ = {isa = PBXFileReference; explicitFileType = wrapper.application; includeInIndex = 0; path = secureCryptographicAlgorithms.app; sourceTree = BUILT_PRODUCTS_DIR; };
		EDD8C94C220841D600262A72 /* AppDelegate.swift */ = {isa = PBXFileReference; lastKnownFileType = sourcecode.swift; path = AppDelegate.swift; sourceTree = "<group>"; };
		EDD8C953220841DA00262A72 /* Assets.xcassets */ = {isa = PBXFileReference; lastKnownFileType = folder.assetcatalog; path = Assets.xcassets; sourceTree = "<group>"; };
		EDD8C956220841DA00262A72 /* Base */ = {isa = PBXFileReference; lastKnownFileType = file.storyboard; name = Base; path = Base.lproj/LaunchScreen.storyboard; sourceTree = "<group>"; };
		EDD8C958220841DA00262A72 /* Info.plist */ = {isa = PBXFileReference; lastKnownFileType = text.plist.xml; path = Info.plist; sourceTree = "<group>"; };
		EDD8C95E2208455F00262A72 /* BridgingHeader.h */ = {isa = PBXFileReference; lastKnownFileType = sourcecode.c.h; path = BridgingHeader.h; sourceTree = "<group>"; };
		EDD8C95F220870E500262A72 /* Extensions.swift */ = {isa = PBXFileReference; lastKnownFileType = sourcecode.swift; path = Extensions.swift; sourceTree = "<group>"; };
		EDD8C9612208EB4B00262A72 /* ViewController.swift */ = {isa = PBXFileReference; lastKnownFileType = sourcecode.swift; path = ViewController.swift; sourceTree = "<group>"; };
		EDD8C9632208EEF500262A72 /* ViewController.xib */ = {isa = PBXFileReference; lastKnownFileType = file.xib; path = ViewController.xib; sourceTree = "<group>"; };
/* End PBXFileReference section */

/* Begin PBXFrameworksBuildPhase section */
		EDD8C946220841D600262A72 /* Frameworks */ = {
			isa = PBXFrameworksBuildPhase;
			buildActionMask = 2147483647;
			files = (
			);
			runOnlyForDeploymentPostprocessing = 0;
		};
/* End PBXFrameworksBuildPhase section */

/* Begin PBXGroup section */
		ED2222FA220B162B00AD5F30 /* Menu */ = {
			isa = PBXGroup;
			children = (
				ED2222F6220B162500AD5F30 /* MenuViewController.swift */,
				ED2222F7220B162500AD5F30 /* MenuViewController.xib */,
			);
			path = Menu;
			sourceTree = "<group>";
		};
		ED222302220B34C100AD5F30 /* Pass */ = {
			isa = PBXGroup;
			children = (
				ED2222FE220B34BC00AD5F30 /* PassViewController.swift */,
				ED2222FF220B34BC00AD5F30 /* PassViewController.xib */,
			);
			path = Pass;
			sourceTree = "<group>";
		};
		ED69759D220ACEC400D10613 /* ViewController */ = {
			isa = PBXGroup;
			children = (
				EDD8C9612208EB4B00262A72 /* ViewController.swift */,
				ED69759B2209D44A00D10613 /* text.txt */,
				EDD8C9632208EEF500262A72 /* ViewController.xib */,
			);
			path = ViewController;
			sourceTree = "<group>";
		};
		ED6975A2220ACF9F00D10613 /* Ascii */ = {
			isa = PBXGroup;
			children = (
				ED69759E220ACF8D00D10613 /* AsciiViewController.swift */,
				ED69759F220ACF8D00D10613 /* AsciiViewController.xib */,
			);
			path = Ascii;
			sourceTree = "<group>";
		};
		EDD8C940220841D600262A72 = {
			isa = PBXGroup;
			children = (
				EDD8C94B220841D600262A72 /* secureCryptographicAlgorithms */,
				EDD8C94A220841D600262A72 /* Products */,
			);
			sourceTree = "<group>";
		};
		EDD8C94A220841D600262A72 /* Products */ = {
			isa = PBXGroup;
			children = (
				EDD8C949220841D600262A72 /* secureCryptographicAlgorithms.app */,
			);
			name = Products;
			sourceTree = "<group>";
		};
		EDD8C94B220841D600262A72 /* secureCryptographicAlgorithms */ = {
			isa = PBXGroup;
			children = (
				ED2222FB220B2BE200AD5F30 /* secureCryptographicAlgorithms.entitlements */,
				EDD8C94C220841D600262A72 /* AppDelegate.swift */,
				ED2222FC220B32D700AD5F30 /* KeyChainMenager.swift */,
				ED222302220B34C100AD5F30 /* Pass */,
				ED2222FA220B162B00AD5F30 /* Menu */,
				ED69759D220ACEC400D10613 /* ViewController */,
				EDD8C95F220870E500262A72 /* Extensions.swift */,
				ED6975A2220ACF9F00D10613 /* Ascii */,
				EDD8C95E2208455F00262A72 /* BridgingHeader.h */,
				EDD8C953220841DA00262A72 /* Assets.xcassets */,
				EDD8C955220841DA00262A72 /* LaunchScreen.storyboard */,
				EDD8C958220841DA00262A72 /* Info.plist */,
			);
			path = secureCryptographicAlgorithms;
			sourceTree = "<group>";
		};
/* End PBXGroup section */

/* Begin PBXNativeTarget section */
		EDD8C948220841D600262A72 /* secureCryptographicAlgorithms */ = {
			isa = PBXNativeTarget;
			buildConfigurationList = EDD8C95B220841DA00262A72 /* Build configuration list for PBXNativeTarget "secureCryptographicAlgorithms" */;
			buildPhases = (
				EDD8C945220841D600262A72 /* Sources */,
				EDD8C946220841D600262A72 /* Frameworks */,
				EDD8C947220841D600262A72 /* Resources */,
			);
			buildRules = (
			);
			dependencies = (
			);
			name = secureCryptographicAlgorithms;
			productName = secureCryptographicAlgorithms;
			productReference = EDD8C949220841D600262A72 /* secureCryptographicAlgorithms.app */;
			productType = "com.apple.product-type.application";
		};
/* End PBXNativeTarget section */

/* Begin PBXProject section */
		EDD8C941220841D600262A72 /* Project object */ = {
			isa = PBXProject;
			attributes = {
				LastSwiftUpdateCheck = 1000;
				LastUpgradeCheck = 1000;
				ORGANIZATIONNAME = "Przemyslaw Biskup";
				TargetAttributes = {
					EDD8C948220841D600262A72 = {
						CreatedOnToolsVersion = 10.0;
						SystemCapabilities = {
							com.apple.ApplicationGroups.iOS = {
								enabled = 1;
							};
						};
					};
				};
			};
			buildConfigurationList = EDD8C944220841D600262A72 /* Build configuration list for PBXProject "secureCryptographicAlgorithms" */;
			compatibilityVersion = "Xcode 9.3";
			developmentRegion = en;
			hasScannedForEncodings = 0;
			knownRegions = (
				en,
				Base,
			);
			mainGroup = EDD8C940220841D600262A72;
			productRefGroup = EDD8C94A220841D600262A72 /* Products */;
			projectDirPath = "";
			projectRoot = "";
			targets = (
				EDD8C948220841D600262A72 /* secureCryptographicAlgorithms */,
			);
		};
/* End PBXProject section */

/* Begin PBXResourcesBuildPhase section */
		EDD8C947220841D600262A72 /* Resources */ = {
			isa = PBXResourcesBuildPhase;
			buildActionMask = 2147483647;
			files = (
				ED222301220B34BC00AD5F30 /* PassViewController.xib in Resources */,
				EDD8C957220841DA00262A72 /* LaunchScreen.storyboard in Resources */,
				ED2222F9220B162500AD5F30 /* MenuViewController.xib in Resources */,
				EDD8C9642208EEF500262A72 /* ViewController.xib in Resources */,
				EDD8C954220841DA00262A72 /* Assets.xcassets in Resources */,
				ED6975A1220ACF8D00D10613 /* AsciiViewController.xib in Resources */,
				ED69759C2209D44B00D10613 /* text.txt in Resources */,
			);
			runOnlyForDeploymentPostprocessing = 0;
		};
/* End PBXResourcesBuildPhase section */

/* Begin PBXSourcesBuildPhase section */
		EDD8C945220841D600262A72 /* Sources */ = {
			isa = PBXSourcesBuildPhase;
			buildActionMask = 2147483647;
			files = (
				ED6975A0220ACF8D00D10613 /* AsciiViewController.swift in Sources */,
				ED2222F8220B162500AD5F30 /* MenuViewController.swift in Sources */,
				EDD8C9622208EB4B00262A72 /* ViewController.swift in Sources */,
				ED2222FD220B32D700AD5F30 /* KeyChainMenager.swift in Sources */,
				EDD8C94D220841D600262A72 /* AppDelegate.swift in Sources */,
				EDD8C960220870E500262A72 /* Extensions.swift in Sources */,
				ED222300220B34BC00AD5F30 /* PassViewController.swift in Sources */,
			);
			runOnlyForDeploymentPostprocessing = 0;
		};
/* End PBXSourcesBuildPhase section */

/* Begin PBXVariantGroup section */
		EDD8C955220841DA00262A72 /* LaunchScreen.storyboard */ = {
			isa = PBXVariantGroup;
			children = (
				EDD8C956220841DA00262A72 /* Base */,
			);
			name = LaunchScreen.storyboard;
			sourceTree = "<group>";
		};
/* End PBXVariantGroup section */

/* Begin XCBuildConfiguration section */
		EDD8C959220841DA00262A72 /* Debug */ = {
			isa = XCBuildConfiguration;
			buildSettings = {
				ALWAYS_SEARCH_USER_PATHS = NO;
				CLANG_ANALYZER_NONNULL = YES;
				CLANG_ANALYZER_NUMBER_OBJECT_CONVERSION = YES_AGGRESSIVE;
				CLANG_CXX_LANGUAGE_STANDARD = "gnu++14";
				CLANG_CXX_LIBRARY = "libc++";
				CLANG_ENABLE_MODULES = YES;
				CLANG_ENABLE_OBJC_ARC = YES;
				CLANG_ENABLE_OBJC_WEAK = YES;
				CLANG_WARN_BLOCK_CAPTURE_AUTORELEASING = YES;
				CLANG_WARN_BOOL_CONVERSION = YES;
				CLANG_WARN_COMMA = YES;
				CLANG_WARN_CONSTANT_CONVERSION = YES;
				CLANG_WARN_DEPRECATED_OBJC_IMPLEMENTATIONS = YES;
				CLANG_WARN_DIRECT_OBJC_ISA_USAGE = YES_ERROR;
				CLANG_WARN_DOCUMENTATION_COMMENTS = YES;
				CLANG_WARN_EMPTY_BODY = YES;
				CLANG_WARN_ENUM_CONVERSION = YES;
				CLANG_WARN_INFINITE_RECURSION = YES;
				CLANG_WARN_INT_CONVERSION = YES;
				CLANG_WARN_NON_LITERAL_NULL_CONVERSION = YES;
				CLANG_WARN_OBJC_IMPLICIT_RETAIN_SELF = YES;
				CLANG_WARN_OBJC_LITERAL_CONVERSION = YES;
				CLANG_WARN_OBJC_ROOT_CLASS = YES_ERROR;
				CLANG_WARN_RANGE_LOOP_ANALYSIS = YES;
				CLANG_WARN_STRICT_PROTOTYPES = YES;
				CLANG_WARN_SUSPICIOUS_MOVE = YES;
				CLANG_WARN_UNGUARDED_AVAILABILITY = YES_AGGRESSIVE;
				CLANG_WARN_UNREACHABLE_CODE = YES;
				CLANG_WARN__DUPLICATE_METHOD_MATCH = YES;
				CODE_SIGN_IDENTITY = "iPhone Developer";
				COPY_PHASE_STRIP = NO;
				DEBUG_INFORMATION_FORMAT = dwarf;
				ENABLE_STRICT_OBJC_MSGSEND = YES;
				ENABLE_TESTABILITY = YES;
				GCC_C_LANGUAGE_STANDARD = gnu11;
				GCC_DYNAMIC_NO_PIC = NO;
				GCC_NO_COMMON_BLOCKS = YES;
				GCC_OPTIMIZATION_LEVEL = 0;
				GCC_PREPROCESSOR_DEFINITIONS = (
					"DEBUG=1",
					"$(inherited)",
				);
				GCC_WARN_64_TO_32_BIT_CONVERSION = YES;
				GCC_WARN_ABOUT_RETURN_TYPE = YES_ERROR;
				GCC_WARN_UNDECLARED_SELECTOR = YES;
				GCC_WARN_UNINITIALIZED_AUTOS = YES_AGGRESSIVE;
				GCC_WARN_UNUSED_FUNCTION = YES;
				GCC_WARN_UNUSED_VARIABLE = YES;
				IPHONEOS_DEPLOYMENT_TARGET = 12.0;
				MTL_ENABLE_DEBUG_INFO = INCLUDE_SOURCE;
				MTL_FAST_MATH = YES;
				ONLY_ACTIVE_ARCH = YES;
				SDKROOT = iphoneos;
				SWIFT_ACTIVE_COMPILATION_CONDITIONS = DEBUG;
				"SWIFT_OBJC_BRIDGING_HEADER[arch=*]" = secureCryptographicAlgorithms/BridgingHeader.h;
				SWIFT_OPTIMIZATION_LEVEL = "-Onone";
			};
			name = Debug;
		};
		EDD8C95A220841DA00262A72 /* Release */ = {
			isa = XCBuildConfiguration;
			buildSettings = {
				ALWAYS_SEARCH_USER_PATHS = NO;
				CLANG_ANALYZER_NONNULL = YES;
				CLANG_ANALYZER_NUMBER_OBJECT_CONVERSION = YES_AGGRESSIVE;
				CLANG_CXX_LANGUAGE_STANDARD = "gnu++14";
				CLANG_CXX_LIBRARY = "libc++";
				CLANG_ENABLE_MODULES = YES;
				CLANG_ENABLE_OBJC_ARC = YES;
				CLANG_ENABLE_OBJC_WEAK = YES;
				CLANG_WARN_BLOCK_CAPTURE_AUTORELEASING = YES;
				CLANG_WARN_BOOL_CONVERSION = YES;
				CLANG_WARN_COMMA = YES;
				CLANG_WARN_CONSTANT_CONVERSION = YES;
				CLANG_WARN_DEPRECATED_OBJC_IMPLEMENTATIONS = YES;
				CLANG_WARN_DIRECT_OBJC_ISA_USAGE = YES_ERROR;
				CLANG_WARN_DOCUMENTATION_COMMENTS = YES;
				CLANG_WARN_EMPTY_BODY = YES;
				CLANG_WARN_ENUM_CONVERSION = YES;
				CLANG_WARN_INFINITE_RECURSION = YES;
				CLANG_WARN_INT_CONVERSION = YES;
				CLANG_WARN_NON_LITERAL_NULL_CONVERSION = YES;
				CLANG_WARN_OBJC_IMPLICIT_RETAIN_SELF = YES;
				CLANG_WARN_OBJC_LITERAL_CONVERSION = YES;
				CLANG_WARN_OBJC_ROOT_CLASS = YES_ERROR;
				CLANG_WARN_RANGE_LOOP_ANALYSIS = YES;
				CLANG_WARN_STRICT_PROTOTYPES = YES;
				CLANG_WARN_SUSPICIOUS_MOVE = YES;
				CLANG_WARN_UNGUARDED_AVAILABILITY = YES_AGGRESSIVE;
				CLANG_WARN_UNREACHABLE_CODE = YES;
				CLANG_WARN__DUPLICATE_METHOD_MATCH = YES;
				CODE_SIGN_IDENTITY = "iPhone Developer";
				COPY_PHASE_STRIP = NO;
				DEBUG_INFORMATION_FORMAT = "dwarf-with-dsym";
				ENABLE_NS_ASSERTIONS = NO;
				ENABLE_STRICT_OBJC_MSGSEND = YES;
				GCC_C_LANGUAGE_STANDARD = gnu11;
				GCC_NO_COMMON_BLOCKS = YES;
				GCC_WARN_64_TO_32_BIT_CONVERSION = YES;
				GCC_WARN_ABOUT_RETURN_TYPE = YES_ERROR;
				GCC_WARN_UNDECLARED_SELECTOR = YES;
				GCC_WARN_UNINITIALIZED_AUTOS = YES_AGGRESSIVE;
				GCC_WARN_UNUSED_FUNCTION = YES;
				GCC_WARN_UNUSED_VARIABLE = YES;
				IPHONEOS_DEPLOYMENT_TARGET = 12.0;
				MTL_ENABLE_DEBUG_INFO = NO;
				MTL_FAST_MATH = YES;
				SDKROOT = iphoneos;
				SWIFT_COMPILATION_MODE = wholemodule;
				"SWIFT_OBJC_BRIDGING_HEADER[arch=*]" = secureCryptographicAlgorithms/BridgingHeader.h;
				SWIFT_OPTIMIZATION_LEVEL = "-O";
				VALIDATE_PRODUCT = YES;
			};
			name = Release;
		};
		EDD8C95C220841DA00262A72 /* Debug */ = {
			isa = XCBuildConfiguration;
			buildSettings = {
				ASSETCATALOG_COMPILER_APPICON_NAME = AppIcon;
				CODE_SIGN_ENTITLEMENTS = secureCryptographicAlgorithms/secureCryptographicAlgorithms.entitlements;
				CODE_SIGN_STYLE = Automatic;
				DEVELOPMENT_TEAM = T34HR8XSM7;
				INFOPLIST_FILE = secureCryptographicAlgorithms/Info.plist;
				IPHONEOS_DEPLOYMENT_TARGET = 11.4;
				LD_RUNPATH_SEARCH_PATHS = (
					"$(inherited)",
					"@executable_path/Frameworks",
				);
				PRODUCT_BUNDLE_IDENTIFIER = Primo.secureCryptographicAlgorithms;
				PRODUCT_NAME = "$(TARGET_NAME)";
				SWIFT_VERSION = 4.2;
				TARGETED_DEVICE_FAMILY = "1,2";
			};
			name = Debug;
		};
		EDD8C95D220841DA00262A72 /* Release */ = {
			isa = XCBuildConfiguration;
			buildSettings = {
				ASSETCATALOG_COMPILER_APPICON_NAME = AppIcon;
				CODE_SIGN_ENTITLEMENTS = secureCryptographicAlgorithms/secureCryptographicAlgorithms.entitlements;
				CODE_SIGN_STYLE = Automatic;
				DEVELOPMENT_TEAM = T34HR8XSM7;
				INFOPLIST_FILE = secureCryptographicAlgorithms/Info.plist;
				IPHONEOS_DEPLOYMENT_TARGET = 11.4;
				LD_RUNPATH_SEARCH_PATHS = (
					"$(inherited)",
					"@executable_path/Frameworks",
				);
				PRODUCT_BUNDLE_IDENTIFIER = Primo.secureCryptographicAlgorithms;
				PRODUCT_NAME = "$(TARGET_NAME)";
				SWIFT_VERSION = 4.2;
				TARGETED_DEVICE_FAMILY = "1,2";
			};
			name = Release;
		};
/* End XCBuildConfiguration section */

/* Begin XCConfigurationList section */
		EDD8C944220841D600262A72 /* Build configuration list for PBXProject "secureCryptographicAlgorithms" */ = {
			isa = XCConfigurationList;
			buildConfigurations = (
				EDD8C959220841DA00262A72 /* Debug */,
				EDD8C95A220841DA00262A72 /* Release */,
			);
			defaultConfigurationIsVisible = 0;
			defaultConfigurationName = Release;
		};
		EDD8C95B220841DA00262A72 /* Build configuration list for PBXNativeTarget "secureCryptographicAlgorithms" */ = {
			isa = XCConfigurationList;
			buildConfigurations = (
				EDD8C95C220841DA00262A72 /* Debug */,
				EDD8C95D220841DA00262A72 /* Release */,
			);
			defaultConfigurationIsVisible = 0;
			defaultConfigurationName = Release;
		};
/* End XCConfigurationList section */
	};
	rootObject = EDD8C941220841D600262A72 /* Project object */;
}
